
Microsoft Visual Studio Solution File, Format Version 12.00
# Visual Studio Version 17
VisualStudioVersion = 17.3.32819.101
MinimumVisualStudioVersion = 10.0.40219.1
Project("{FAE04EC0-301F-11D3-BF4B-00C04F79EFBC}") = "AppSirius.Android", "AppSirius\AppSirius.Android\AppSirius.Android.csproj", "{853F5C7E-3F31-473E-B337-340C2665F655}"
EndProject
Project("{FAE04EC0-301F-11D3-BF4B-00C04F79EFBC}") = "AppSirius.iOS", "AppSirius\AppSirius.iOS\AppSirius.iOS.csproj", "{B19E31E8-90DC-4910-B931-F8548A4DF07F}"
EndProject
Project("{FAE04EC0-301F-11D3-BF4B-00C04F79EFBC}") = "AppSirius", "AppSirius\AppSirius\AppSirius.csproj", "{F3F3910B-C019-4D17-B87D-7FAF392AC071}"
EndProject
Global
	GlobalSection(SolutionConfigurationPlatforms) = preSolution
		Debug|Any CPU = Debug|Any CPU
		Debug|iPhone = Debug|iPhone
		Debug|iPhoneSimulator = Debug|iPhoneSimulator
		Release|Any CPU = Release|Any CPU
		Release|iPhone = Release|iPhone
		Release|iPhoneSimulator = Release|iPhoneSimulator
	EndGlobalSection
	GlobalSection(ProjectConfigurationPlatforms) = postSolution
		{853F5C7E-3F31-473E-B337-340C2665F655}.Debug|Any CPU.ActiveCfg = Debug|Any CPU
		{853F5C7E-3F31-473E-B337-340C2665F655}.Debug|Any CPU.Build.0 = Debug|Any CPU
		{853F5C7E-3F31-473E-B337-340C2665F655}.Debug|Any CPU.Deploy.0 = Debug|Any CPU
		{853F5C7E-3F31-473E-B337-340C2665F655}.Debug|iPhone.ActiveCfg = Debug|Any CPU
		{853F5C7E-3F31-473E-B337-340C2665F655}.Debug|iPhone.Build.0 = Debug|Any CPU
		{853F5C7E-3F31-473E-B337-340C2665F655}.Debug|iPhone.Deploy.0 = Debug|Any CPU
		{853F5C7E-3F31-473E-B337-340C2665F655}.Debug|iPhoneSimulator.ActiveCfg = Debug|Any CPU
		{853F5C7E-3F31-473E-B337-340C2665F655}.Debug|iPhoneSimulator.Build.0 = Debug|Any CPU
		{853F5C7E-3F31-473E-B337-340C2665F655}.Debug|iPhoneSimulator.Deploy.0 = Debug|Any CPU
		{853F5C7E-3F31-473E-B337-340C2665F655}.Release|Any CPU.ActiveCfg = Release|Any CPU
		{853F5C7E-3F31-473E-B337-340C2665F655}.Release|Any CPU.Build.0 = Release|Any CPU
		{853F5C7E-3F31-473E-B337-340C2665F655}.Release|Any CPU.Deploy.0 = Release|Any CPU
		{853F5C7E-3F31-473E-B337-340C2665F655}.Release|iPhone.ActiveCfg = Release|Any CPU
		{853F5C7E-3F31-473E-B337-340C2665F655}.Release|iPhone.Build.0 = Release|Any CPU
		{853F5C7E-3F31-473E-B337-340C2665F655}.Release|iPhone.Deploy.0 = Release|Any CPU
		{853F5C7E-3F31-473E-B337-340C2665F655}.Release|iPhoneSimulator.ActiveCfg = Release|Any CPU
		{853F5C7E-3F31-473E-B337-340C2665F655}.Release|iPhoneSimulator.Build.0 = Release|Any CPU
		{853F5C7E-3F31-473E-B337-340C2665F655}.Release|iPhoneSimulator.Deploy.0 = Release|Any CPU
		{B19E31E8-90DC-4910-B931-F8548A4DF07F}.Debug|Any CPU.ActiveCfg = Debug|iPhone
		{B19E31E8-90DC-4910-B931-F8548A4DF07F}.Debug|Any CPU.Build.0 = Debug|iPhone
		{B19E31E8-90DC-4910-B931-F8548A4DF07F}.Debug|Any CPU.Deploy.0 = Debug|iPhone
		{B19E31E8-90DC-4910-B931-F8548A4DF07F}.Debug|iPhone.ActiveCfg = Debug|iPhone
		{B19E31E8-90DC-4910-B931-F8548A4DF07F}.Debug|iPhone.Build.0 = Debug|iPhone
		{B19E31E8-90DC-4910-B931-F8548A4DF07F}.Debug|iPhone.Deploy.0 = Debug|iPhone
		{B19E31E8-90DC-4910-B931-F8548A4DF07F}.Debug|iPhoneSimulator.ActiveCfg = Debug|iPhoneSimulator
		{B19E31E8-90DC-4910-B931-F8548A4DF07F}.Debug|iPhoneSimulator.Build.0 = Debug|iPhoneSimulator
		{B19E31E8-90DC-4910-B931-F8548A4DF07F}.Debug|iPhoneSimulator.Deploy.0 = Debug|iPhoneSimulator
		{B19E31E8-90DC-4910-B931-F8548A4DF07F}.Release|Any CPU.ActiveCfg = Release|iPhoneSimulator
		{B19E31E8-90DC-4910-B931-F8548A4DF07F}.Release|Any CPU.Build.0 = Release|iPhoneSimulator
		{B19E31E8-90DC-4910-B931-F8548A4DF07F}.Release|Any CPU.Deploy.0 = Release|iPhoneSimulator
		{B19E31E8-90DC-4910-B931-F8548A4DF07F}.Release|iPhone.ActiveCfg = Release|iPhone
		{B19E31E8-90DC-4910-B931-F8548A4DF07F}.Release|iPhone.Build.0 = Release|iPhone
		{B19E31E8-90DC-4910-B931-F8548A4DF07F}.Release|iPhone.Deploy.0 = Release|iPhone
		{B19E31E8-90DC-4910-B931-F8548A4DF07F}.Release|iPhoneSimulator.ActiveCfg = Release|iPhoneSimulator
		{B19E31E8-90DC-4910-B931-F8548A4DF07F}.Release|iPhoneSimulator.Build.0 = Release|iPhoneSimulator
		{B19E31E8-90DC-4910-B931-F8548A4DF07F}.Release|iPhoneSimulator.Deploy.0 = Release|iPhoneSimulator
		{F3F3910B-C019-4D17-B87D-7FAF392AC071}.Debug|Any CPU.ActiveCfg = Debug|Any CPU
		{F3F3910B-C019-4D17-B87D-7FAF392AC071}.Debug|Any CPU.Build.0 = Debug|Any CPU
		{F3F3910B-C019-4D17-B87D-7FAF392AC071}.Debug|Any CPU.Deploy.0 = Debug|Any CPU
		{F3F3910B-C019-4D17-B87D-7FAF392AC071}.Debug|iPhone.ActiveCfg = Debug|Any CPU
		{F3F3910B-C019-4D17-B87D-7FAF392AC071}.Debug|iPhone.Build.0 = Debug|Any CPU
		{F3F3910B-C019-4D17-B87D-7FAF392AC071}.Debug|iPhone.Deploy.0 = Debug|Any CPU
		{F3F3910B-C019-4D17-B87D-7FAF392AC071}.Debug|iPhoneSimulator.ActiveCfg = Debug|Any CPU
		{F3F3910B-C019-4D17-B87D-7FAF392AC071}.Debug|iPhoneSimulator.Build.0 = Debug|Any CPU
		{F3F3910B-C019-4D17-B87D-7FAF392AC071}.Debug|iPhoneSimulator.Deploy.0 = Debug|Any CPU
		{F3F3910B-C019-4D17-B87D-7FAF392AC071}.Release|Any CPU.ActiveCfg = Release|Any CPU
		{F3F3910B-C019-4D17-B87D-7FAF392AC071}.Release|Any CPU.Build.0 = Release|Any CPU
		{F3F3910B-C019-4D17-B87D-7FAF392AC071}.Release|Any CPU.Deploy.0 = Release|Any CPU
		{F3F3910B-C019-4D17-B87D-7FAF392AC071}.Release|iPhone.ActiveCfg = Release|Any CPU
		{F3F3910B-C019-4D17-B87D-7FAF392AC071}.Release|iPhone.Build.0 = Release|Any CPU
		{F3F3910B-C019-4D17-B87D-7FAF392AC071}.Release|iPhone.Deploy.0 = Release|Any CPU
		{F3F3910B-C019-4D17-B87D-7FAF392AC071}.Release|iPhoneSimulator.ActiveCfg = Release|Any CPU
		{F3F3910B-C019-4D17-B87D-7FAF392AC071}.Release|iPhoneSimulator.Build.0 = Release|Any CPU
		{F3F3910B-C019-4D17-B87D-7FAF392AC071}.Release|iPhoneSimulator.Deploy.0 = Release|Any CPU
	EndGlobalSection
	GlobalSection(SolutionProperties) = preSolution
		HideSolutionNode = FALSE
	EndGlobalSection
	GlobalSection(ExtensibilityGlobals) = postSolution
		SolutionGuid = {D763125D-96ED-4490-81EF-60C5BA9962B5}
	EndGlobalSection
EndGlobal
